# This file is autogenerated, do not edit; changes may be undone by the next 'dep ensure'.


[[projects]]
  name = "github.com/hashicorp/go-version"
  packages = ["."]
  revision = "deeb027c13a95d56c7585df3fe29207208c6706e"

[[projects]]
  name = "gopkg.in/urfave/cli.v1"
  packages = ["."]
  revision = "a14d7d367bc02b1f57d88de97926727f2d936387"
  version = "v1.18.1"

[[projects]]
  name = "gopkg.in/yaml.v2"
  packages = ["."]
  revision = "a5b47d31c556af34a302ce5d659e6fea44d90de0"

[solve-meta]
  analyzer-name = "dep"
  analyzer-version = 1
  inputs-digest = "fb13a1236a98f967737f644bba5ed44adade99c2dad79c10804a644c97d2d4e4"
  solver-name = "gps-cdcl"
  solver-version = 1
